
Microsoft Visual Studio Solution File, Format Version 12.00
# Visual Studio Version 17
VisualStudioVersion = 17.4.33205.214
MinimumVisualStudioVersion = 10.0.40219.1
Project("{FAE04EC0-301F-11D3-BF4B-00C04F79EFBC}") = "AzureServiceBus", "AzureServiceBus\AzureServiceBus.csproj", "{FAA519E1-23F8-4647-A2DC-749D1E114141}"
EndProject
Global
	GlobalSection(SolutionConfigurationPlatforms) = preSolution
		Debug|Any CPU = Debug|Any CPU
		Release|Any CPU = Release|Any CPU
	EndGlobalSection
	GlobalSection(ProjectConfigurationPlatforms) = postSolution
		{FAA519E1-23F8-4647-A2DC-749D1E114141}.Debug|Any CPU.ActiveCfg = Debug|Any CPU
		{FAA519E1-23F8-4647-A2DC-749D1E114141}.Debug|Any CPU.Build.0 = Debug|Any CPU
		{FAA519E1-23F8-4647-A2DC-749D1E114141}.Release|Any CPU.ActiveCfg = Release|Any CPU
		{FAA519E1-23F8-4647-A2DC-749D1E114141}.Release|Any CPU.Build.0 = Release|Any CPU
	EndGlobalSection
	GlobalSection(SolutionProperties) = preSolution
		HideSolutionNode = FALSE
	EndGlobalSection
	GlobalSection(ExtensibilityGlobals) = postSolution
		SolutionGuid = {B6C7441D-AF4A-4C51-B1F0-BC6B3BBA55D5}
	EndGlobalSection
EndGlobal
